{
  "version": "4",
  "specifiers": {
    "jsr:@hono/hono@*": "4.6.6",
    "jsr:@std/bytes@^1.0.2": "1.0.2",
    "jsr:@std/crypto@^1.0.3": "1.0.3",
    "jsr:@std/path@*": "1.0.7",
    "jsr:@std/uuid@*": "1.0.4",
    "npm:arcsecond@*": "5.0.0",
    "npm:immer@*": "10.1.1"
  },
  "jsr": {
    "@hono/hono@4.6.6": {
      "integrity": "4856346894db3abfc4bdb89607b4d7bd84725236076fc922573def2b2b64130b"
    },
    "@std/bytes@1.0.2": {
      "integrity": "fbdee322bbd8c599a6af186a1603b3355e59a5fb1baa139f8f4c3c9a1b3e3d57"
    },
    "@std/crypto@1.0.3": {
      "integrity": "a2a32f51ddef632d299e3879cd027c630dcd4d1d9a5285d6e6788072f4e51e7f"
    },
    "@std/path@1.0.7": {
      "integrity": "76a689e07f0e15dcc6002ec39d0866797e7156629212b28f27179b8a5c3b33a1"
    },
    "@std/uuid@1.0.4": {
      "integrity": "f4233149cc8b4753cc3763fd83a7c4101699491f55c7be78dc7b30281946d7a0",
      "dependencies": [
        "jsr:@std/bytes",
        "jsr:@std/crypto"
      ]
    }
  },
  "npm": {
    "arcsecond@5.0.0": {
      "integrity": "sha512-J/fHdyadnsIencRsM6oUSsraCKG+Ni9Udcgr/eusxjTzX3SEQtCUQSpP0YtImFPfIK6DdT1nqwN0ng4FqNmwgA=="
    },
    "immer@10.1.1": {
      "integrity": "sha512-s2MPrmjovJcoMaHtx6K11Ra7oD05NT97w1IC5zpMkT6Atjr7H8LjaDd81iIxUYpMKSRRNMJE703M1Fhr/TctHw=="
    }
  },
  "redirects": {
    "https://deno.land/x/bcrypt/mod.ts": "https://deno.land/x/bcrypt@v0.4.1/mod.ts",
    "https://deno.land/x/djwt/mod.ts": "https://deno.land/x/djwt@v3.0.2/mod.ts"
  },
  "remote": {
    "https://deno.land/std@0.221.0/encoding/_util.ts": "beacef316c1255da9bc8e95afb1fa56ed69baef919c88dc06ae6cb7a6103d376",
    "https://deno.land/std@0.221.0/encoding/base64.ts": "8ccae67a1227b875340a8582ff707f37b131df435b07080d3bb58e07f5f97807",
    "https://deno.land/std@0.221.0/encoding/base64url.ts": "9cc46cf510436be63ac00ebf97a7de1993e603ca58e1853b344bf90d80ea9945",
    "https://deno.land/x/bcrypt@v0.4.1/mod.ts": "ff09bdae282583cf5f7d87efe37ddcecef7f14f6d12e8b8066a3058db8c6c2f7",
    "https://deno.land/x/bcrypt@v0.4.1/src/bcrypt/base64.ts": "b8266450a4f1eb6960f60f2f7986afc4dde6b45bd2d7ee7ba10789e67e17b9f7",
    "https://deno.land/x/bcrypt@v0.4.1/src/bcrypt/bcrypt.ts": "ec221648cc6453ea5e3803bc817c01157dada06aa6f7a0ba6b9f87aae32b21e2",
    "https://deno.land/x/bcrypt@v0.4.1/src/main.ts": "08d201b289c8d9c46f8839c69cd6625b213863db29775c7a200afc3b540e64f8",
    "https://deno.land/x/bcrypt@v0.4.1/src/worker.ts": "5a73bdfee9c9e622f47c9733d374b627dce52fb3ec1e74c8226698b3fc57ffac",
    "https://deno.land/x/djwt@v3.0.2/algorithm.ts": "b1c6645f9dbd6e6c47c123a3b18c28b956f91c65ed17f5b6d5d968fc3750542b",
    "https://deno.land/x/djwt@v3.0.2/deps.ts": "a7954fe567f2097b4f6aca11d091b6df658e485a817ac4dee47257ed5c28fd6e",
    "https://deno.land/x/djwt@v3.0.2/mod.ts": "962d8f2c4d6a4db111f45d777b152356aec31ba7db0ca664601175a422629857",
    "https://deno.land/x/djwt@v3.0.2/signature.ts": "16238fbf558267c85dd6c0178045f006c8b914a7301db87149f3318326569272",
    "https://deno.land/x/djwt@v3.0.2/util.ts": "5cb264d2125c553678e11446bcfa0494025d120e3f59d0a3ab38f6800def697d"
  },
  "workspace": {
    "dependencies": [
      "jsr:@std/assert@1"
    ]
  }
}
